// !$*UTF8*$!
{
	archiveVersion = 1;
	classes = {
	};
	objectVersion = 46;
	objects = {

/* Begin PBXBuildFile section */
		5106CE78195F6D55000BDD5E /* Location.m in Sources */ = {isa = PBXBuildFile; fileRef = 5106CE77195F6D55000BDD5E /* Location.m */; };
		514224A019A0228C00D2AA75 /* Settings.m in Sources */ = {isa = PBXBuildFile; fileRef = 5142249F19A0228C00D2AA75 /* Settings.m */; };
		515A62EC19797B000014CC77 /* DataViewController.m in Sources */ = {isa = PBXBuildFile; fileRef = 515A62EB19797B000014CC77 /* DataViewController.m */; };
		515B9D0219550E5B00AE2D05 /* main.m in Sources */ = {isa = PBXBuildFile; fileRef = 515B9D0119550E5B00AE2D05 /* main.m */; };
		515B9D0519550E5B00AE2D05 /* AppDelegate.m in Sources */ = {isa = PBXBuildFile; fileRef = 515B9D0419550E5B00AE2D05 /* AppDelegate.m */; };
		515B9D0819550E5B00AE2D05 /* Rise.xcdatamodeld in Sources */ = {isa = PBXBuildFile; fileRef = 515B9D0619550E5B00AE2D05 /* Rise.xcdatamodeld */; };
		515B9D0B19550E5B00AE2D05 /* ViewController.m in Sources */ = {isa = PBXBuildFile; fileRef = 515B9D0A19550E5B00AE2D05 /* ViewController.m */; };
		515B9D1019550E5B00AE2D05 /* Images.xcassets in Resources */ = {isa = PBXBuildFile; fileRef = 515B9D0F19550E5B00AE2D05 /* Images.xcassets */; };
		515B9D1C19550E5B00AE2D05 /* RiseTests.m in Sources */ = {isa = PBXBuildFile; fileRef = 515B9D1B19550E5B00AE2D05 /* RiseTests.m */; };
		515B9D281956D26B00AE2D05 /* Main.storyboard in Resources */ = {isa = PBXBuildFile; fileRef = 515B9D271956D26B00AE2D05 /* Main.storyboard */; };
		51650D28199BDBA100ED633A /* cogDown.png in Resources */ = {isa = PBXBuildFile; fileRef = 51650D26199BDBA100ED633A /* cogDown.png */; };
		51650D29199BDBA100ED633A /* cogUp.png in Resources */ = {isa = PBXBuildFile; fileRef = 51650D27199BDBA100ED633A /* cogUp.png */; };
		518D76E3196EFE2800EC00BA /* Helpers.m in Sources */ = {isa = PBXBuildFile; fileRef = 518D76E2196EFE2800EC00BA /* Helpers.m */; };
		519D6C26195CD03C005F6DF8 /* CoreLocation.framework in Frameworks */ = {isa = PBXBuildFile; fileRef = 519D6C25195CD03C005F6DF8 /* CoreLocation.framework */; };
		519D6C2A195CDE79005F6DF8 /* AudioToolbox.framework in Frameworks */ = {isa = PBXBuildFile; fileRef = 519D6C29195CDE79005F6DF8 /* AudioToolbox.framework */; };
		519D6C2C195CDE81005F6DF8 /* CFNetwork.framework in Frameworks */ = {isa = PBXBuildFile; fileRef = 519D6C2B195CDE81005F6DF8 /* CFNetwork.framework */; };
		519D6C2E195CDE88005F6DF8 /* CoreGraphics.framework in Frameworks */ = {isa = PBXBuildFile; fileRef = 519D6C2D195CDE88005F6DF8 /* CoreGraphics.framework */; };
		519D6C30195CDE91005F6DF8 /* libz.dylib in Frameworks */ = {isa = PBXBuildFile; fileRef = 519D6C2F195CDE91005F6DF8 /* libz.dylib */; };
		519D6C32195CDE98005F6DF8 /* MobileCoreServices.framework in Frameworks */ = {isa = PBXBuildFile; fileRef = 519D6C31195CDE98005F6DF8 /* MobileCoreServices.framework */; };
		519D6C34195CDEA1005F6DF8 /* QuartzCore.framework in Frameworks */ = {isa = PBXBuildFile; fileRef = 519D6C33195CDEA1005F6DF8 /* QuartzCore.framework */; };
		519D6C36195CDEAA005F6DF8 /* Security.framework in Frameworks */ = {isa = PBXBuildFile; fileRef = 519D6C35195CDEAA005F6DF8 /* Security.framework */; };
		519D6C3A195CDEB7005F6DF8 /* SystemConfiguration.framework in Frameworks */ = {isa = PBXBuildFile; fileRef = 519D6C39195CDEB7005F6DF8 /* SystemConfiguration.framework */; };
		51E4A3911981FA6100297C22 /* MyNavigationController.m in Sources */ = {isa = PBXBuildFile; fileRef = 51E4A3901981FA6100297C22 /* MyNavigationController.m */; };
		51ECB83A19D9604C009C0DCC /* libPods-Rise-CocoaLumberjack.a in Frameworks */ = {isa = PBXBuildFile; fileRef = 51ECB83919D9604C009C0DCC /* libPods-Rise-CocoaLumberjack.a */; };
		51ECB83C19D96051009C0DCC /* libPods-Rise-CorePlot.a in Frameworks */ = {isa = PBXBuildFile; fileRef = 51ECB83B19D96051009C0DCC /* libPods-Rise-CorePlot.a */; };
		51ECB83E19D96054009C0DCC /* libPods-Rise-GoldRaccoon.a in Frameworks */ = {isa = PBXBuildFile; fileRef = 51ECB83D19D96054009C0DCC /* libPods-Rise-GoldRaccoon.a */; };
		51ECB84019D96057009C0DCC /* libPods-Rise.a in Frameworks */ = {isa = PBXBuildFile; fileRef = 51ECB83F19D96057009C0DCC /* libPods-Rise.a */; };
		51F7DA47197E1367004353B1 /* GraphViewController.m in Sources */ = {isa = PBXBuildFile; fileRef = 51F7DA46197E1367004353B1 /* GraphViewController.m */; };
		51FA2630199F5D2A0055D6F7 /* SettingsViewController.m in Sources */ = {isa = PBXBuildFile; fileRef = 51FA262F199F5D2A0055D6F7 /* SettingsViewController.m */; };
		51FA2633199F65210055D6F7 /* SettingsTableViewController.m in Sources */ = {isa = PBXBuildFile; fileRef = 51FA2632199F65210055D6F7 /* SettingsTableViewController.m */; };
/* End PBXBuildFile section */

/* Begin PBXContainerItemProxy section */
		515B9D1619550E5B00AE2D05 /* PBXContainerItemProxy */ = {
			isa = PBXContainerItemProxy;
			containerPortal = 515B9CF419550E5B00AE2D05 /* Project object */;
			proxyType = 1;
			remoteGlobalIDString = 515B9CFB19550E5B00AE2D05;
			remoteInfo = Rise;
		};
/* End PBXContainerItemProxy section */

/* Begin PBXFileReference section */
		5106CE76195F6D55000BDD5E /* Location.h */ = {isa = PBXFileReference; fileEncoding = 4; lastKnownFileType = sourcecode.c.h; path = Location.h; sourceTree = "<group>"; };
		5106CE77195F6D55000BDD5E /* Location.m */ = {isa = PBXFileReference; fileEncoding = 4; lastKnownFileType = sourcecode.c.objc; path = Location.m; sourceTree = "<group>"; };
		5142249E19A0228C00D2AA75 /* Settings.h */ = {isa = PBXFileReference; fileEncoding = 4; lastKnownFileType = sourcecode.c.h; path = Settings.h; sourceTree = "<group>"; };
		5142249F19A0228C00D2AA75 /* Settings.m */ = {isa = PBXFileReference; fileEncoding = 4; lastKnownFileType = sourcecode.c.objc; path = Settings.m; sourceTree = "<group>"; };
		515A62EA19797B000014CC77 /* DataViewController.h */ = {isa = PBXFileReference; fileEncoding = 4; lastKnownFileType = sourcecode.c.h; path = DataViewController.h; sourceTree = "<group>"; };
		515A62EB19797B000014CC77 /* DataViewController.m */ = {isa = PBXFileReference; fileEncoding = 4; lastKnownFileType = sourcecode.c.objc; path = DataViewController.m; sourceTree = "<group>"; };
		515B9CFC19550E5B00AE2D05 /* Rise.app */ = {isa = PBXFileReference; explicitFileType = wrapper.application; includeInIndex = 0; path = Rise.app; sourceTree = BUILT_PRODUCTS_DIR; };
		515B9D0019550E5B00AE2D05 /* Info.plist */ = {isa = PBXFileReference; lastKnownFileType = text.plist.xml; path = Info.plist; sourceTree = "<group>"; };
		515B9D0119550E5B00AE2D05 /* main.m */ = {isa = PBXFileReference; lastKnownFileType = sourcecode.c.objc; path = main.m; sourceTree = "<group>"; };
		515B9D0319550E5B00AE2D05 /* AppDelegate.h */ = {isa = PBXFileReference; lastKnownFileType = sourcecode.c.h; path = AppDelegate.h; sourceTree = "<group>"; };
		515B9D0419550E5B00AE2D05 /* AppDelegate.m */ = {isa = PBXFileReference; lastKnownFileType = sourcecode.c.objc; path = AppDelegate.m; sourceTree = "<group>"; };
		515B9D0719550E5B00AE2D05 /* Rise.xcdatamodel */ = {isa = PBXFileReference; lastKnownFileType = wrapper.xcdatamodel; path = Rise.xcdatamodel; sourceTree = "<group>"; };
		515B9D0919550E5B00AE2D05 /* ViewController.h */ = {isa = PBXFileReference; lastKnownFileType = sourcecode.c.h; path = ViewController.h; sourceTree = "<group>"; };
		515B9D0A19550E5B00AE2D05 /* ViewController.m */ = {isa = PBXFileReference; lastKnownFileType = sourcecode.c.objc; path = ViewController.m; sourceTree = "<group>"; };
		515B9D0F19550E5B00AE2D05 /* Images.xcassets */ = {isa = PBXFileReference; lastKnownFileType = folder.assetcatalog; path = Images.xcassets; sourceTree = "<group>"; };
		515B9D1519550E5B00AE2D05 /* RiseTests.xctest */ = {isa = PBXFileReference; explicitFileType = wrapper.cfbundle; includeInIndex = 0; path = RiseTests.xctest; sourceTree = BUILT_PRODUCTS_DIR; };
		515B9D1A19550E5B00AE2D05 /* Info.plist */ = {isa = PBXFileReference; lastKnownFileType = text.plist.xml; path = Info.plist; sourceTree = "<group>"; };
		515B9D1B19550E5B00AE2D05 /* RiseTests.m */ = {isa = PBXFileReference; lastKnownFileType = sourcecode.c.objc; path = RiseTests.m; sourceTree = "<group>"; };
		515B9D271956D26B00AE2D05 /* Main.storyboard */ = {isa = PBXFileReference; fileEncoding = 4; lastKnownFileType = file.storyboard; path = Main.storyboard; sourceTree = "<group>"; };
		51650D26199BDBA100ED633A /* cogDown.png */ = {isa = PBXFileReference; lastKnownFileType = image.png; name = cogDown.png; path = Rise/cogDown.png; sourceTree = "<group>"; };
		51650D27199BDBA100ED633A /* cogUp.png */ = {isa = PBXFileReference; lastKnownFileType = image.png; name = cogUp.png; path = Rise/cogUp.png; sourceTree = "<group>"; };
		518D76E1196EFE2800EC00BA /* Helpers.h */ = {isa = PBXFileReference; fileEncoding = 4; lastKnownFileType = sourcecode.c.h; path = Helpers.h; sourceTree = "<group>"; };
		518D76E2196EFE2800EC00BA /* Helpers.m */ = {isa = PBXFileReference; fileEncoding = 4; lastKnownFileType = sourcecode.c.objc; path = Helpers.m; sourceTree = "<group>"; };
		519D6C25195CD03C005F6DF8 /* CoreLocation.framework */ = {isa = PBXFileReference; lastKnownFileType = wrapper.framework; name = CoreLocation.framework; path = System/Library/Frameworks/CoreLocation.framework; sourceTree = SDKROOT; };
		519D6C29195CDE79005F6DF8 /* AudioToolbox.framework */ = {isa = PBXFileReference; lastKnownFileType = wrapper.framework; name = AudioToolbox.framework; path = System/Library/Frameworks/AudioToolbox.framework; sourceTree = SDKROOT; };
		519D6C2B195CDE81005F6DF8 /* CFNetwork.framework */ = {isa = PBXFileReference; lastKnownFileType = wrapper.framework; name = CFNetwork.framework; path = System/Library/Frameworks/CFNetwork.framework; sourceTree = SDKROOT; };
		519D6C2D195CDE88005F6DF8 /* CoreGraphics.framework */ = {isa = PBXFileReference; lastKnownFileType = wrapper.framework; name = CoreGraphics.framework; path = System/Library/Frameworks/CoreGraphics.framework; sourceTree = SDKROOT; };
		519D6C2F195CDE91005F6DF8 /* libz.dylib */ = {isa = PBXFileReference; lastKnownFileType = "compiled.mach-o.dylib"; name = libz.dylib; path = usr/lib/libz.dylib; sourceTree = SDKROOT; };
		519D6C31195CDE98005F6DF8 /* MobileCoreServices.framework */ = {isa = PBXFileReference; lastKnownFileType = wrapper.framework; name = MobileCoreServices.framework; path = System/Library/Frameworks/MobileCoreServices.framework; sourceTree = SDKROOT; };
		519D6C33195CDEA1005F6DF8 /* QuartzCore.framework */ = {isa = PBXFileReference; lastKnownFileType = wrapper.framework; name = QuartzCore.framework; path = System/Library/Frameworks/QuartzCore.framework; sourceTree = SDKROOT; };
		519D6C35195CDEAA005F6DF8 /* Security.framework */ = {isa = PBXFileReference; lastKnownFileType = wrapper.framework; name = Security.framework; path = System/Library/Frameworks/Security.framework; sourceTree = SDKROOT; };
		519D6C39195CDEB7005F6DF8 /* SystemConfiguration.framework */ = {isa = PBXFileReference; lastKnownFileType = wrapper.framework; name = SystemConfiguration.framework; path = System/Library/Frameworks/SystemConfiguration.framework; sourceTree = SDKROOT; };
		51E4A38F1981FA6100297C22 /* MyNavigationController.h */ = {isa = PBXFileReference; fileEncoding = 4; lastKnownFileType = sourcecode.c.h; path = MyNavigationController.h; sourceTree = "<group>"; };
		51E4A3901981FA6100297C22 /* MyNavigationController.m */ = {isa = PBXFileReference; fileEncoding = 4; lastKnownFileType = sourcecode.c.objc; path = MyNavigationController.m; sourceTree = "<group>"; };
		51ECB83919D9604C009C0DCC /* libPods-Rise-CocoaLumberjack.a */ = {isa = PBXFileReference; lastKnownFileType = archive.ar; name = "libPods-Rise-CocoaLumberjack.a"; path = "Pods/build/Debug-iphoneos/libPods-Rise-CocoaLumberjack.a"; sourceTree = "<group>"; };
		51ECB83B19D96051009C0DCC /* libPods-Rise-CorePlot.a */ = {isa = PBXFileReference; lastKnownFileType = archive.ar; name = "libPods-Rise-CorePlot.a"; path = "Pods/build/Debug-iphoneos/libPods-Rise-CorePlot.a"; sourceTree = "<group>"; };
		51ECB83D19D96054009C0DCC /* libPods-Rise-GoldRaccoon.a */ = {isa = PBXFileReference; lastKnownFileType = archive.ar; name = "libPods-Rise-GoldRaccoon.a"; path = "Pods/build/Debug-iphoneos/libPods-Rise-GoldRaccoon.a"; sourceTree = "<group>"; };
		51ECB83F19D96057009C0DCC /* libPods-Rise.a */ = {isa = PBXFileReference; lastKnownFileType = archive.ar; name = "libPods-Rise.a"; path = "Pods/build/Debug-iphoneos/libPods-Rise.a"; sourceTree = "<group>"; };
		51F7DA45197E1367004353B1 /* GraphViewController.h */ = {isa = PBXFileReference; fileEncoding = 4; lastKnownFileType = sourcecode.c.h; path = GraphViewController.h; sourceTree = "<group>"; };
		51F7DA46197E1367004353B1 /* GraphViewController.m */ = {isa = PBXFileReference; fileEncoding = 4; lastKnownFileType = sourcecode.c.objc; path = GraphViewController.m; sourceTree = "<group>"; };
		51FA262E199F5D2A0055D6F7 /* SettingsViewController.h */ = {isa = PBXFileReference; fileEncoding = 4; lastKnownFileType = sourcecode.c.h; path = SettingsViewController.h; sourceTree = "<group>"; };
		51FA262F199F5D2A0055D6F7 /* SettingsViewController.m */ = {isa = PBXFileReference; fileEncoding = 4; lastKnownFileType = sourcecode.c.objc; path = SettingsViewController.m; sourceTree = "<group>"; };
		51FA2631199F65210055D6F7 /* SettingsTableViewController.h */ = {isa = PBXFileReference; fileEncoding = 4; lastKnownFileType = sourcecode.c.h; path = SettingsTableViewController.h; sourceTree = "<group>"; };
		51FA2632199F65210055D6F7 /* SettingsTableViewController.m */ = {isa = PBXFileReference; fileEncoding = 4; lastKnownFileType = sourcecode.c.objc; path = SettingsTableViewController.m; sourceTree = "<group>"; };
		645CAA60FD7D41A69E32DFF4 /* libPods-Rise.a */ = {isa = PBXFileReference; explicitFileType = archive.ar; includeInIndex = 0; path = "libPods-Rise.a"; sourceTree = BUILT_PRODUCTS_DIR; };
		B797033CB872438A858F17AB /* Pods-Rise.debug.xcconfig */ = {isa = PBXFileReference; includeInIndex = 1; lastKnownFileType = text.xcconfig; name = "Pods-Rise.debug.xcconfig"; path = "Pods/Target Support Files/Pods-Rise/Pods-Rise.debug.xcconfig"; sourceTree = "<group>"; };
		C887FDE1E09796F28792370B /* Pods-Rise.release.xcconfig */ = {isa = PBXFileReference; includeInIndex = 1; lastKnownFileType = text.xcconfig; name = "Pods-Rise.release.xcconfig"; path = "Pods/Target Support Files/Pods-Rise/Pods-Rise.release.xcconfig"; sourceTree = "<group>"; };
/* End PBXFileReference section */

/* Begin PBXFrameworksBuildPhase section */
		515B9CF919550E5B00AE2D05 /* Frameworks */ = {
			isa = PBXFrameworksBuildPhase;
			buildActionMask = 2147483647;
			files = (
				51ECB84019D96057009C0DCC /* libPods-Rise.a in Frameworks */,
				51ECB83E19D96054009C0DCC /* libPods-Rise-GoldRaccoon.a in Frameworks */,
				51ECB83C19D96051009C0DCC /* libPods-Rise-CorePlot.a in Frameworks */,
				51ECB83A19D9604C009C0DCC /* libPods-Rise-CocoaLumberjack.a in Frameworks */,
				519D6C3A195CDEB7005F6DF8 /* SystemConfiguration.framework in Frameworks */,
				519D6C36195CDEAA005F6DF8 /* Security.framework in Frameworks */,
				519D6C34195CDEA1005F6DF8 /* QuartzCore.framework in Frameworks */,
				519D6C32195CDE98005F6DF8 /* MobileCoreServices.framework in Frameworks */,
				519D6C30195CDE91005F6DF8 /* libz.dylib in Frameworks */,
				519D6C2E195CDE88005F6DF8 /* CoreGraphics.framework in Frameworks */,
				519D6C2C195CDE81005F6DF8 /* CFNetwork.framework in Frameworks */,
				519D6C2A195CDE79005F6DF8 /* AudioToolbox.framework in Frameworks */,
				519D6C26195CD03C005F6DF8 /* CoreLocation.framework in Frameworks */,
			);
			runOnlyForDeploymentPostprocessing = 0;
		};
		515B9D1219550E5B00AE2D05 /* Frameworks */ = {
			isa = PBXFrameworksBuildPhase;
			buildActionMask = 2147483647;
			files = (
			);
			runOnlyForDeploymentPostprocessing = 0;
		};
/* End PBXFrameworksBuildPhase section */

/* Begin PBXGroup section */
		5132BEB819772B7C0085DE66 /* Images */ = {
			isa = PBXGroup;
			children = (
				51650D26199BDBA100ED633A /* cogDown.png */,
				51650D27199BDBA100ED633A /* cogUp.png */,
			);
			name = Images;
			sourceTree = "<group>";
		};
		515B9CF319550E5B00AE2D05 = {
			isa = PBXGroup;
			children = (
				515B9CFE19550E5B00AE2D05 /* Rise */,
				5132BEB819772B7C0085DE66 /* Images */,
				519D6C3B195CDEDB005F6DF8 /* Frameworks */,
				515B9D1819550E5B00AE2D05 /* RiseTests */,
				515B9CFD19550E5B00AE2D05 /* Products */,
				F8C0F79FE5C6D9DE5680163B /* Pods */,
			);
			sourceTree = "<group>";
		};
		515B9CFD19550E5B00AE2D05 /* Products */ = {
			isa = PBXGroup;
			children = (
				515B9CFC19550E5B00AE2D05 /* Rise.app */,
				515B9D1519550E5B00AE2D05 /* RiseTests.xctest */,
			);
			name = Products;
			sourceTree = "<group>";
		};
		515B9CFE19550E5B00AE2D05 /* Rise */ = {
			isa = PBXGroup;
			children = (
				51E4A38F1981FA6100297C22 /* MyNavigationController.h */,
				51E4A3901981FA6100297C22 /* MyNavigationController.m */,
				51F7DA45197E1367004353B1 /* GraphViewController.h */,
				51F7DA46197E1367004353B1 /* GraphViewController.m */,
				518D76E1196EFE2800EC00BA /* Helpers.h */,
				518D76E2196EFE2800EC00BA /* Helpers.m */,
				515B9D271956D26B00AE2D05 /* Main.storyboard */,
				51FA2631199F65210055D6F7 /* SettingsTableViewController.h */,
				51FA2632199F65210055D6F7 /* SettingsTableViewController.m */,
				51FA262E199F5D2A0055D6F7 /* SettingsViewController.h */,
				51FA262F199F5D2A0055D6F7 /* SettingsViewController.m */,
				515B9D0319550E5B00AE2D05 /* AppDelegate.h */,
				515B9D0419550E5B00AE2D05 /* AppDelegate.m */,
				515B9D0919550E5B00AE2D05 /* ViewController.h */,
				515B9D0A19550E5B00AE2D05 /* ViewController.m */,
				515A62EA19797B000014CC77 /* DataViewController.h */,
				515A62EB19797B000014CC77 /* DataViewController.m */,
				5106CE76195F6D55000BDD5E /* Location.h */,
				5106CE77195F6D55000BDD5E /* Location.m */,
				5142249E19A0228C00D2AA75 /* Settings.h */,
				5142249F19A0228C00D2AA75 /* Settings.m */,
				515B9D0F19550E5B00AE2D05 /* Images.xcassets */,
				515B9D0619550E5B00AE2D05 /* Rise.xcdatamodeld */,
				515B9CFF19550E5B00AE2D05 /* Supporting Files */,
			);
			path = Rise;
			sourceTree = "<group>";
		};
		515B9CFF19550E5B00AE2D05 /* Supporting Files */ = {
			isa = PBXGroup;
			children = (
				515B9D0019550E5B00AE2D05 /* Info.plist */,
				515B9D0119550E5B00AE2D05 /* main.m */,
			);
			name = "Supporting Files";
			sourceTree = "<group>";
		};
		515B9D1819550E5B00AE2D05 /* RiseTests */ = {
			isa = PBXGroup;
			children = (
				515B9D1B19550E5B00AE2D05 /* RiseTests.m */,
				515B9D1919550E5B00AE2D05 /* Supporting Files */,
			);
			path = RiseTests;
			sourceTree = "<group>";
		};
		515B9D1919550E5B00AE2D05 /* Supporting Files */ = {
			isa = PBXGroup;
			children = (
				515B9D1A19550E5B00AE2D05 /* Info.plist */,
			);
			name = "Supporting Files";
			sourceTree = "<group>";
		};
		519D6C3B195CDEDB005F6DF8 /* Frameworks */ = {
			isa = PBXGroup;
			children = (
				51ECB83F19D96057009C0DCC /* libPods-Rise.a */,
				51ECB83D19D96054009C0DCC /* libPods-Rise-GoldRaccoon.a */,
				51ECB83B19D96051009C0DCC /* libPods-Rise-CorePlot.a */,
				51ECB83919D9604C009C0DCC /* libPods-Rise-CocoaLumberjack.a */,
				519D6C39195CDEB7005F6DF8 /* SystemConfiguration.framework */,
				519D6C35195CDEAA005F6DF8 /* Security.framework */,
				519D6C33195CDEA1005F6DF8 /* QuartzCore.framework */,
				519D6C31195CDE98005F6DF8 /* MobileCoreServices.framework */,
				519D6C2F195CDE91005F6DF8 /* libz.dylib */,
				519D6C2D195CDE88005F6DF8 /* CoreGraphics.framework */,
				519D6C2B195CDE81005F6DF8 /* CFNetwork.framework */,
				519D6C29195CDE79005F6DF8 /* AudioToolbox.framework */,
				519D6C25195CD03C005F6DF8 /* CoreLocation.framework */,
				645CAA60FD7D41A69E32DFF4 /* libPods-Rise.a */,
			);
			name = Frameworks;
			sourceTree = "<group>";
		};
		F8C0F79FE5C6D9DE5680163B /* Pods */ = {
			isa = PBXGroup;
			children = (
				B797033CB872438A858F17AB /* Pods-Rise.debug.xcconfig */,
				C887FDE1E09796F28792370B /* Pods-Rise.release.xcconfig */,
			);
			name = Pods;
			sourceTree = "<group>";
		};
/* End PBXGroup section */

/* Begin PBXNativeTarget section */
		515B9CFB19550E5B00AE2D05 /* Rise */ = {
			isa = PBXNativeTarget;
			buildConfigurationList = 515B9D1F19550E5B00AE2D05 /* Build configuration list for PBXNativeTarget "Rise" */;
			buildPhases = (
				7E5E3170B47D4A1B9B8143C2 /* Check Pods Manifest.lock */,
				515B9CF819550E5B00AE2D05 /* Sources */,
				515B9CF919550E5B00AE2D05 /* Frameworks */,
				515B9CFA19550E5B00AE2D05 /* Resources */,
				91B5CC73695D490F81B3A8C8 /* Copy Pods Resources */,
			);
			buildRules = (
			);
			dependencies = (
			);
			name = Rise;
			productName = Rise;
			productReference = 515B9CFC19550E5B00AE2D05 /* Rise.app */;
			productType = "com.apple.product-type.application";
		};
		515B9D1419550E5B00AE2D05 /* RiseTests */ = {
			isa = PBXNativeTarget;
			buildConfigurationList = 515B9D2219550E5B00AE2D05 /* Build configuration list for PBXNativeTarget "RiseTests" */;
			buildPhases = (
				515B9D1119550E5B00AE2D05 /* Sources */,
				515B9D1219550E5B00AE2D05 /* Frameworks */,
				515B9D1319550E5B00AE2D05 /* Resources */,
			);
			buildRules = (
			);
			dependencies = (
				515B9D1719550E5B00AE2D05 /* PBXTargetDependency */,
			);
			name = RiseTests;
			productName = RiseTests;
			productReference = 515B9D1519550E5B00AE2D05 /* RiseTests.xctest */;
			productType = "com.apple.product-type.bundle.unit-test";
		};
/* End PBXNativeTarget section */

/* Begin PBXProject section */
		515B9CF419550E5B00AE2D05 /* Project object */ = {
			isa = PBXProject;
			attributes = {
				LastUpgradeCheck = 0600;
				ORGANIZATIONNAME = com.sideapps.rise;
				TargetAttributes = {
					515B9CFB19550E5B00AE2D05 = {
						CreatedOnToolsVersion = 6.0;
						DevelopmentTeam = S7BT87895F;
						SystemCapabilities = {
							com.apple.BackgroundModes = {
								enabled = 1;
							};
							com.apple.InAppPurchase = {
								enabled = 0;
							};
						};
					};
					515B9D1419550E5B00AE2D05 = {
						CreatedOnToolsVersion = 6.0;
						TestTargetID = 515B9CFB19550E5B00AE2D05;
					};
				};
			};
			buildConfigurationList = 515B9CF719550E5B00AE2D05 /* Build configuration list for PBXProject "Rise" */;
			compatibilityVersion = "Xcode 3.2";
			developmentRegion = English;
			hasScannedForEncodings = 0;
			knownRegions = (
				en,
				Base,
			);
			mainGroup = 515B9CF319550E5B00AE2D05;
			productRefGroup = 515B9CFD19550E5B00AE2D05 /* Products */;
			projectDirPath = "";
			projectRoot = "";
			targets = (
				515B9CFB19550E5B00AE2D05 /* Rise */,
				515B9D1419550E5B00AE2D05 /* RiseTests */,
			);
		};
/* End PBXProject section */

/* Begin PBXResourcesBuildPhase section */
		515B9CFA19550E5B00AE2D05 /* Resources */ = {
			isa = PBXResourcesBuildPhase;
			buildActionMask = 2147483647;
			files = (
				515B9D1019550E5B00AE2D05 /* Images.xcassets in Resources */,
				51650D28199BDBA100ED633A /* cogDown.png in Resources */,
				51650D29199BDBA100ED633A /* cogUp.png in Resources */,
				515B9D281956D26B00AE2D05 /* Main.storyboard in Resources */,
			);
			runOnlyForDeploymentPostprocessing = 0;
		};
		515B9D1319550E5B00AE2D05 /* Resources */ = {
			isa = PBXResourcesBuildPhase;
			buildActionMask = 2147483647;
			files = (
			);
			runOnlyForDeploymentPostprocessing = 0;
		};
/* End PBXResourcesBuildPhase section */

/* Begin PBXShellScriptBuildPhase section */
		7E5E3170B47D4A1B9B8143C2 /* Check Pods Manifest.lock */ = {
			isa = PBXShellScriptBuildPhase;
			buildActionMask = 2147483647;
			files = (
			);
			inputPaths = (
			);
			name = "Check Pods Manifest.lock";
			outputPaths = (
			);
			runOnlyForDeploymentPostprocessing = 0;
			shellPath = /bin/sh;
			shellScript = "diff \"${PODS_ROOT}/../Podfile.lock\" \"${PODS_ROOT}/Manifest.lock\" > /dev/null\nif [[ $? != 0 ]] ; then\n    cat << EOM\nerror: The sandbox is not in sync with the Podfile.lock. Run 'pod install' or update your CocoaPods installation.\nEOM\n    exit 1\nfi\n";
			showEnvVarsInLog = 0;
		};
		91B5CC73695D490F81B3A8C8 /* Copy Pods Resources */ = {
			isa = PBXShellScriptBuildPhase;
			buildActionMask = 2147483647;
			files = (
			);
			inputPaths = (
			);
			name = "Copy Pods Resources";
			outputPaths = (
			);
			runOnlyForDeploymentPostprocessing = 0;
			shellPath = /bin/sh;
			shellScript = "\"${SRCROOT}/Pods/Target Support Files/Pods-Rise/Pods-Rise-resources.sh\"\n";
			showEnvVarsInLog = 0;
		};
/* End PBXShellScriptBuildPhase section */

/* Begin PBXSourcesBuildPhase section */
		515B9CF819550E5B00AE2D05 /* Sources */ = {
			isa = PBXSourcesBuildPhase;
			buildActionMask = 2147483647;
			files = (
				51FA2633199F65210055D6F7 /* SettingsTableViewController.m in Sources */,
				515B9D0519550E5B00AE2D05 /* AppDelegate.m in Sources */,
				514224A019A0228C00D2AA75 /* Settings.m in Sources */,
				51F7DA47197E1367004353B1 /* GraphViewController.m in Sources */,
				515B9D0819550E5B00AE2D05 /* Rise.xcdatamodeld in Sources */,
				51E4A3911981FA6100297C22 /* MyNavigationController.m in Sources */,
				515B9D0B19550E5B00AE2D05 /* ViewController.m in Sources */,
				515A62EC19797B000014CC77 /* DataViewController.m in Sources */,
				518D76E3196EFE2800EC00BA /* Helpers.m in Sources */,
				51FA2630199F5D2A0055D6F7 /* SettingsViewController.m in Sources */,
				5106CE78195F6D55000BDD5E /* Location.m in Sources */,
				515B9D0219550E5B00AE2D05 /* main.m in Sources */,
			);
			runOnlyForDeploymentPostprocessing = 0;
		};
		515B9D1119550E5B00AE2D05 /* Sources */ = {
			isa = PBXSourcesBuildPhase;
			buildActionMask = 2147483647;
			files = (
				515B9D1C19550E5B00AE2D05 /* RiseTests.m in Sources */,
			);
			runOnlyForDeploymentPostprocessing = 0;
		};
/* End PBXSourcesBuildPhase section */

/* Begin PBXTargetDependency section */
		515B9D1719550E5B00AE2D05 /* PBXTargetDependency */ = {
			isa = PBXTargetDependency;
			target = 515B9CFB19550E5B00AE2D05 /* Rise */;
			targetProxy = 515B9D1619550E5B00AE2D05 /* PBXContainerItemProxy */;
		};
/* End PBXTargetDependency section */

/* Begin XCBuildConfiguration section */
		515B9D1D19550E5B00AE2D05 /* Debug */ = {
			isa = XCBuildConfiguration;
			buildSettings = {
				ALWAYS_SEARCH_USER_PATHS = NO;
				CLANG_CXX_LANGUAGE_STANDARD = "gnu++0x";
				CLANG_CXX_LIBRARY = "libc++";
				CLANG_ENABLE_MODULES = YES;
				CLANG_ENABLE_OBJC_ARC = YES;
				CLANG_WARN_BOOL_CONVERSION = YES;
				CLANG_WARN_CONSTANT_CONVERSION = YES;
				CLANG_WARN_DIRECT_OBJC_ISA_USAGE = YES_ERROR;
				CLANG_WARN_EMPTY_BODY = YES;
				CLANG_WARN_ENUM_CONVERSION = YES;
				CLANG_WARN_INT_CONVERSION = YES;
				CLANG_WARN_OBJC_ROOT_CLASS = YES_ERROR;
				CLANG_WARN_UNREACHABLE_CODE = YES;
				CLANG_WARN__DUPLICATE_METHOD_MATCH = YES;
				"CODE_SIGN_IDENTITY[sdk=iphoneos*]" = "iPhone Developer";
				COPY_PHASE_STRIP = NO;
				ENABLE_STRICT_OBJC_MSGSEND = YES;
				GCC_C_LANGUAGE_STANDARD = gnu99;
				GCC_DYNAMIC_NO_PIC = NO;
				GCC_OPTIMIZATION_LEVEL = 0;
				GCC_PREPROCESSOR_DEFINITIONS = (
					"DEBUG=1",
					"$(inherited)",
				);
				GCC_SYMBOLS_PRIVATE_EXTERN = NO;
				GCC_WARN_64_TO_32_BIT_CONVERSION = YES;
				GCC_WARN_ABOUT_RETURN_TYPE = YES_ERROR;
				GCC_WARN_UNDECLARED_SELECTOR = YES;
				GCC_WARN_UNINITIALIZED_AUTOS = YES_AGGRESSIVE;
				GCC_WARN_UNUSED_FUNCTION = YES;
				GCC_WARN_UNUSED_VARIABLE = YES;
				IPHONEOS_DEPLOYMENT_TARGET = 8.0;
				METAL_ENABLE_DEBUG_INFO = YES;
				ONLY_ACTIVE_ARCH = YES;
				SDKROOT = iphoneos;
				TARGETED_DEVICE_FAMILY = "1,2";
			};
			name = Debug;
		};
		515B9D1E19550E5B00AE2D05 /* Release */ = {
			isa = XCBuildConfiguration;
			buildSettings = {
				ALWAYS_SEARCH_USER_PATHS = NO;
				CLANG_CXX_LANGUAGE_STANDARD = "gnu++0x";
				CLANG_CXX_LIBRARY = "libc++";
				CLANG_ENABLE_MODULES = YES;
				CLANG_ENABLE_OBJC_ARC = YES;
				CLANG_WARN_BOOL_CONVERSION = YES;
				CLANG_WARN_CONSTANT_CONVERSION = YES;
				CLANG_WARN_DIRECT_OBJC_ISA_USAGE = YES_ERROR;
				CLANG_WARN_EMPTY_BODY = YES;
				CLANG_WARN_ENUM_CONVERSION = YES;
				CLANG_WARN_INT_CONVERSION = YES;
				CLANG_WARN_OBJC_ROOT_CLASS = YES_ERROR;
				CLANG_WARN_UNREACHABLE_CODE = YES;
				CLANG_WARN__DUPLICATE_METHOD_MATCH = YES;
				"CODE_SIGN_IDENTITY[sdk=iphoneos*]" = "iPhone Developer";
				COPY_PHASE_STRIP = YES;
				ENABLE_NS_ASSERTIONS = NO;
				ENABLE_STRICT_OBJC_MSGSEND = YES;
				GCC_C_LANGUAGE_STANDARD = gnu99;
				GCC_WARN_64_TO_32_BIT_CONVERSION = YES;
				GCC_WARN_ABOUT_RETURN_TYPE = YES_ERROR;
				GCC_WARN_UNDECLARED_SELECTOR = YES;
				GCC_WARN_UNINITIALIZED_AUTOS = YES_AGGRESSIVE;
				GCC_WARN_UNUSED_FUNCTION = YES;
				GCC_WARN_UNUSED_VARIABLE = YES;
				IPHONEOS_DEPLOYMENT_TARGET = 8.0;
				METAL_ENABLE_DEBUG_INFO = NO;
				SDKROOT = iphoneos;
				TARGETED_DEVICE_FAMILY = "1,2";
				VALIDATE_PRODUCT = YES;
			};
			name = Release;
		};
		515B9D2019550E5B00AE2D05 /* Debug */ = {
			isa = XCBuildConfiguration;
			baseConfigurationReference = B797033CB872438A858F17AB /* Pods-Rise.debug.xcconfig */;
			buildSettings = {
				ASSETCATALOG_COMPILER_APPICON_NAME = AppIcon;
				ASSETCATALOG_COMPILER_LAUNCHIMAGE_NAME = LaunchImage;
				FRAMEWORK_SEARCH_PATHS = (
					"$(inherited)",
					"$(PROJECT_DIR)",
				);
				INFOPLIST_FILE = Rise/Info.plist;
				LD_RUNPATH_SEARCH_PATHS = "$(inherited) @executable_path/Frameworks";
				LIBRARY_SEARCH_PATHS = (
					"$(inherited)",
					"$(PROJECT_DIR)/Pods/build/Debug-iphoneos",
				);
				OTHER_LDFLAGS = "-ObjC";
				PRODUCT_NAME = "$(TARGET_NAME)";
			};
			name = Debug;
		};
		515B9D2119550E5B00AE2D05 /* Release */ = {
			isa = XCBuildConfiguration;
			baseConfigurationReference = C887FDE1E09796F28792370B /* Pods-Rise.release.xcconfig */;
			buildSettings = {
				ASSETCATALOG_COMPILER_APPICON_NAME = AppIcon;
				ASSETCATALOG_COMPILER_LAUNCHIMAGE_NAME = LaunchImage;
				FRAMEWORK_SEARCH_PATHS = (
					"$(inherited)",
					"$(PROJECT_DIR)",
				);
				INFOPLIST_FILE = Rise/Info.plist;
				LD_RUNPATH_SEARCH_PATHS = "$(inherited) @executable_path/Frameworks";
				LIBRARY_SEARCH_PATHS = (
					"$(inherited)",
					"$(PROJECT_DIR)/Pods/build/Debug-iphoneos",
				);
				OTHER_LDFLAGS = "-ObjC";
				PRODUCT_NAME = "$(TARGET_NAME)";
			};
			name = Release;
		};
		515B9D2319550E5B00AE2D05 /* Debug */ = {
			isa = XCBuildConfiguration;
			buildSettings = {
				BUNDLE_LOADER = "$(BUILT_PRODUCTS_DIR)/Rise.app/Rise";
				FRAMEWORK_SEARCH_PATHS = (
					"$(SDKROOT)/Developer/Library/Frameworks",
					"$(inherited)",
				);
				GCC_PREPROCESSOR_DEFINITIONS = (
					"DEBUG=1",
					"$(inherited)",
				);
				INFOPLIST_FILE = RiseTests/Info.plist;
				LD_RUNPATH_SEARCH_PATHS = "$(inherited) @executable_path/Frameworks @loader_path/Frameworks";
				METAL_ENABLE_DEBUG_INFO = YES;
				PRODUCT_NAME = "$(TARGET_NAME)";
				TEST_HOST = "$(BUNDLE_LOADER)";
			};
			name = Debug;
		};
		515B9D2419550E5B00AE2D05 /* Release */ = {
			isa = XCBuildConfiguration;
			buildSettings = {
				BUNDLE_LOADER = "$(BUILT_PRODUCTS_DIR)/Rise.app/Rise";
				FRAMEWORK_SEARCH_PATHS = (
					"$(SDKROOT)/Developer/Library/Frameworks",
					"$(inherited)",
				);
				INFOPLIST_FILE = RiseTests/Info.plist;
				LD_RUNPATH_SEARCH_PATHS = "$(inherited) @executable_path/Frameworks @loader_path/Frameworks";
				METAL_ENABLE_DEBUG_INFO = NO;
				PRODUCT_NAME = "$(TARGET_NAME)";
				TEST_HOST = "$(BUNDLE_LOADER)";
			};
			name = Release;
		};
/* End XCBuildConfiguration section */

/* Begin XCConfigurationList section */
		515B9CF719550E5B00AE2D05 /* Build configuration list for PBXProject "Rise" */ = {
			isa = XCConfigurationList;
			buildConfigurations = (
				515B9D1D19550E5B00AE2D05 /* Debug */,
				515B9D1E19550E5B00AE2D05 /* Release */,
			);
			defaultConfigurationIsVisible = 0;
			defaultConfigurationName = Release;
		};
		515B9D1F19550E5B00AE2D05 /* Build configuration list for PBXNativeTarget "Rise" */ = {
			isa = XCConfigurationList;
			buildConfigurations = (
				515B9D2019550E5B00AE2D05 /* Debug */,
				515B9D2119550E5B00AE2D05 /* Release */,
			);
			defaultConfigurationIsVisible = 0;
			defaultConfigurationName = Release;
		};
		515B9D2219550E5B00AE2D05 /* Build configuration list for PBXNativeTarget "RiseTests" */ = {
			isa = XCConfigurationList;
			buildConfigurations = (
				515B9D2319550E5B00AE2D05 /* Debug */,
				515B9D2419550E5B00AE2D05 /* Release */,
			);
			defaultConfigurationIsVisible = 0;
			defaultConfigurationName = Release;
		};
/* End XCConfigurationList section */

/* Begin XCVersionGroup section */
		515B9D0619550E5B00AE2D05 /* Rise.xcdatamodeld */ = {
			isa = XCVersionGroup;
			children = (
				515B9D0719550E5B00AE2D05 /* Rise.xcdatamodel */,
			);
			currentVersion = 515B9D0719550E5B00AE2D05 /* Rise.xcdatamodel */;
			path = Rise.xcdatamodeld;
			sourceTree = "<group>";
			versionGroupType = wrapper.xcdatamodel;
		};
/* End XCVersionGroup section */
	};
	rootObject = 515B9CF419550E5B00AE2D05 /* Project object */;
}
